
Microsoft Visual Studio Solution File, Format Version 12.00
# Visual Studio Version 17
VisualStudioVersion = 17.13.35825.156 d17.13
MinimumVisualStudioVersion = 10.0.40219.1
Project("{FAE04EC0-301F-11D3-BF4B-00C04F79EFBC}") = "AcornQuest14", "AcornQuest14.csproj", "{79E1723C-6BD2-4FFA-B8F0-3CFB0C1F60D5}"
EndProject
Global
	GlobalSection(SolutionConfigurationPlatforms) = preSolution
		Debug|Any CPU = Debug|Any CPU
		Release|Any CPU = Release|Any CPU
	EndGlobalSection
	GlobalSection(ProjectConfigurationPlatforms) = postSolution
		{79E1723C-6BD2-4FFA-B8F0-3CFB0C1F60D5}.Debug|Any CPU.ActiveCfg = Debug|Any CPU
		{79E1723C-6BD2-4FFA-B8F0-3CFB0C1F60D5}.Debug|Any CPU.Build.0 = Debug|Any CPU
		{79E1723C-6BD2-4FFA-B8F0-3CFB0C1F60D5}.Release|Any CPU.ActiveCfg = Release|Any CPU
		{79E1723C-6BD2-4FFA-B8F0-3CFB0C1F60D5}.Release|Any CPU.Build.0 = Release|Any CPU
	EndGlobalSection
	GlobalSection(SolutionProperties) = preSolution
		HideSolutionNode = FALSE
	EndGlobalSection
	GlobalSection(ExtensibilityGlobals) = postSolution
		SolutionGuid = {C7FF1304-3AE5-4CB7-B3FF-A84C29450E56}
	EndGlobalSection
EndGlobal
